
Microsoft Visual Studio Solution File, Format Version 12.00
# Visual Studio Version 17
VisualStudioVersion = 17.3.32922.545
MinimumVisualStudioVersion = 10.0.40219.1
Project("{FAE04EC0-301F-11D3-BF4B-00C04F79EFBC}") = "EventLogWatcher", "EventLogWatcher\EventLogWatcher.csproj", "{EE8EF089-3F7E-4FF2-BF10-390072C4F11D}"
EndProject
Global
	GlobalSection(SolutionConfigurationPlatforms) = preSolution
		Debug|Any CPU = Debug|Any CPU
		Release|Any CPU = Release|Any CPU
	EndGlobalSection
	GlobalSection(ProjectConfigurationPlatforms) = postSolution
		{EE8EF089-3F7E-4FF2-BF10-390072C4F11D}.Debug|Any CPU.ActiveCfg = Debug|Any CPU
		{EE8EF089-3F7E-4FF2-BF10-390072C4F11D}.Debug|Any CPU.Build.0 = Debug|Any CPU
		{EE8EF089-3F7E-4FF2-BF10-390072C4F11D}.Release|Any CPU.ActiveCfg = Release|Any CPU
		{EE8EF089-3F7E-4FF2-BF10-390072C4F11D}.Release|Any CPU.Build.0 = Release|Any CPU
	EndGlobalSection
	GlobalSection(SolutionProperties) = preSolution
		HideSolutionNode = FALSE
	EndGlobalSection
	GlobalSection(ExtensibilityGlobals) = postSolution
		SolutionGuid = {76644DA3-CFBF-4A73-8A5E-6A3773B2963F}
	EndGlobalSection
EndGlobal
